{
  "requires": true,
  "lockfileVersion": 1,
  "dependencies": {
    "serverless-ruby-package": {
      "version": "1.1.1",
      "resolved": "https://registry.npmjs.org/serverless-ruby-package/-/serverless-ruby-package-1.1.1.tgz",
      "integrity": "sha512-K4qCMk30PFVt0rxIcBpP+MkruCiJoRkktnm4I9LdwWYKuRGvLZY5Zo/wQn7APSRlah8InYeDfPsWZKnQk9KPLg==",
      "dev": true
    }
  }
}
